
Microsoft Visual Studio Solution File, Format Version 12.00
# Visual Studio 2012
Project("{FAE04EC0-301F-11D3-BF4B-00C04F79EFBC}") = "Autumn.RevitAddInManager", "Autumn.RevitAddInManager.csproj", "{756CA8F9-C709-4928-BC0F-1D6DA32A222D}"
EndProject
Global
	GlobalSection(SolutionConfigurationPlatforms) = preSolution
		Debug|Any CPU = Debug|Any CPU
		Release|Any CPU = Release|Any CPU
	EndGlobalSection
	GlobalSection(ProjectConfigurationPlatforms) = postSolution
		{756CA8F9-C709-4928-BC0F-1D6DA32A222D}.Debug|Any CPU.ActiveCfg = Debug|Any CPU
		{756CA8F9-C709-4928-BC0F-1D6DA32A222D}.Debug|Any CPU.Build.0 = Debug|Any CPU
		{756CA8F9-C709-4928-BC0F-1D6DA32A222D}.Release|Any CPU.ActiveCfg = Release|Any CPU
		{756CA8F9-C709-4928-BC0F-1D6DA32A222D}.Release|Any CPU.Build.0 = Release|Any CPU
	EndGlobalSection
	GlobalSection(SolutionProperties) = preSolution
		HideSolutionNode = FALSE
	EndGlobalSection
EndGlobal
